// !$*UTF8*$!
{
	archiveVersion = 1;
	classes = {
	};
	objectVersion = 55;
	objects = {

/* Begin PBXBuildFile section */
		18F6671327D9CE10006A0562 /* AppDelegate.swift in Sources */ = {isa = PBXBuildFile; fileRef = 18F6671227D9CE10006A0562 /* AppDelegate.swift */; };
		18F6671527D9CE10006A0562 /* SceneDelegate.swift in Sources */ = {isa = PBXBuildFile; fileRef = 18F6671427D9CE10006A0562 /* SceneDelegate.swift */; };
		18F6671727D9CE10006A0562 /* ViewController.swift in Sources */ = {isa = PBXBuildFile; fileRef = 18F6671627D9CE10006A0562 /* ViewController.swift */; };
		18F6671A27D9CE10006A0562 /* Main.storyboard in Resources */ = {isa = PBXBuildFile; fileRef = 18F6671827D9CE10006A0562 /* Main.storyboard */; };
		18F6671C27D9CE12006A0562 /* Assets.xcassets in Resources */ = {isa = PBXBuildFile; fileRef = 18F6671B27D9CE12006A0562 /* Assets.xcassets */; };
		18F6671F27D9CE12006A0562 /* LaunchScreen.storyboard in Resources */ = {isa = PBXBuildFile; fileRef = 18F6671D27D9CE12006A0562 /* LaunchScreen.storyboard */; };
		18F6672727D9CF1B006A0562 /* LocationViewController.swift in Sources */ = {isa = PBXBuildFile; fileRef = 18F6672627D9CF1B006A0562 /* LocationViewController.swift */; };
		18F6672927D9D2E3006A0562 /* Extension.swift in Sources */ = {isa = PBXBuildFile; fileRef = 18F6672827D9D2E3006A0562 /* Extension.swift */; };
		18F6672B27D9D9CF006A0562 /* UserDefaultsKeys.swift in Sources */ = {isa = PBXBuildFile; fileRef = 18F6672A27D9D9CF006A0562 /* UserDefaultsKeys.swift */; };
		18F6677227DB155C006A0562 /* LocationData.txt in Resources */ = {isa = PBXBuildFile; fileRef = 18F6677127DB155C006A0562 /* LocationData.txt */; };
/* End PBXBuildFile section */

/* Begin PBXFileReference section */
		18F6670F27D9CE10006A0562 /* ActofitApp.app */ = {isa = PBXFileReference; explicitFileType = wrapper.application; includeInIndex = 0; path = ActofitApp.app; sourceTree = BUILT_PRODUCTS_DIR; };
		18F6671227D9CE10006A0562 /* AppDelegate.swift */ = {isa = PBXFileReference; lastKnownFileType = sourcecode.swift; path = AppDelegate.swift; sourceTree = "<group>"; };
		18F6671427D9CE10006A0562 /* SceneDelegate.swift */ = {isa = PBXFileReference; lastKnownFileType = sourcecode.swift; path = SceneDelegate.swift; sourceTree = "<group>"; };
		18F6671627D9CE10006A0562 /* ViewController.swift */ = {isa = PBXFileReference; lastKnownFileType = sourcecode.swift; path = ViewController.swift; sourceTree = "<group>"; };
		18F6671927D9CE10006A0562 /* Base */ = {isa = PBXFileReference; lastKnownFileType = file.storyboard; name = Base; path = Base.lproj/Main.storyboard; sourceTree = "<group>"; };
		18F6671B27D9CE12006A0562 /* Assets.xcassets */ = {isa = PBXFileReference; lastKnownFileType = folder.assetcatalog; path = Assets.xcassets; sourceTree = "<group>"; };
		18F6671E27D9CE12006A0562 /* Base */ = {isa = PBXFileReference; lastKnownFileType = file.storyboard; name = Base; path = Base.lproj/LaunchScreen.storyboard; sourceTree = "<group>"; };
		18F6672027D9CE12006A0562 /* Info.plist */ = {isa = PBXFileReference; lastKnownFileType = text.plist.xml; path = Info.plist; sourceTree = "<group>"; };
		18F6672627D9CF1B006A0562 /* LocationViewController.swift */ = {isa = PBXFileReference; lastKnownFileType = sourcecode.swift; path = LocationViewController.swift; sourceTree = "<group>"; };
		18F6672827D9D2E3006A0562 /* Extension.swift */ = {isa = PBXFileReference; lastKnownFileType = sourcecode.swift; path = Extension.swift; sourceTree = "<group>"; };
		18F6672A27D9D9CF006A0562 /* UserDefaultsKeys.swift */ = {isa = PBXFileReference; lastKnownFileType = sourcecode.swift; path = UserDefaultsKeys.swift; sourceTree = "<group>"; };
		18F6677127DB155C006A0562 /* LocationData.txt */ = {isa = PBXFileReference; fileEncoding = 4; lastKnownFileType = text; path = LocationData.txt; sourceTree = "<group>"; };
/* End PBXFileReference section */

/* Begin PBXFrameworksBuildPhase section */
		18F6670C27D9CE10006A0562 /* Frameworks */ = {
			isa = PBXFrameworksBuildPhase;
			buildActionMask = 2147483647;
			files = (
			);
			runOnlyForDeploymentPostprocessing = 0;
		};
/* End PBXFrameworksBuildPhase section */

/* Begin PBXGroup section */
		18F6670627D9CE10006A0562 = {
			isa = PBXGroup;
			children = (
				18F6671127D9CE10006A0562 /* ActofitApp */,
				18F6671027D9CE10006A0562 /* Products */,
			);
			sourceTree = "<group>";
		};
		18F6671027D9CE10006A0562 /* Products */ = {
			isa = PBXGroup;
			children = (
				18F6670F27D9CE10006A0562 /* ActofitApp.app */,
			);
			name = Products;
			sourceTree = "<group>";
		};
		18F6671127D9CE10006A0562 /* ActofitApp */ = {
			isa = PBXGroup;
			children = (
				18F6677127DB155C006A0562 /* LocationData.txt */,
				18F6671227D9CE10006A0562 /* AppDelegate.swift */,
				18F6671427D9CE10006A0562 /* SceneDelegate.swift */,
				18F6672827D9D2E3006A0562 /* Extension.swift */,
				18F6672A27D9D9CF006A0562 /* UserDefaultsKeys.swift */,
				18F6671627D9CE10006A0562 /* ViewController.swift */,
				18F6672627D9CF1B006A0562 /* LocationViewController.swift */,
				18F6671827D9CE10006A0562 /* Main.storyboard */,
				18F6671B27D9CE12006A0562 /* Assets.xcassets */,
				18F6671D27D9CE12006A0562 /* LaunchScreen.storyboard */,
				18F6672027D9CE12006A0562 /* Info.plist */,
			);
			path = ActofitApp;
			sourceTree = "<group>";
		};
/* End PBXGroup section */

/* Begin PBXNativeTarget section */
		18F6670E27D9CE10006A0562 /* ActofitApp */ = {
			isa = PBXNativeTarget;
			buildConfigurationList = 18F6672327D9CE12006A0562 /* Build configuration list for PBXNativeTarget "ActofitApp" */;
			buildPhases = (
				18F6670B27D9CE10006A0562 /* Sources */,
				18F6670C27D9CE10006A0562 /* Frameworks */,
				18F6670D27D9CE10006A0562 /* Resources */,
			);
			buildRules = (
			);
			dependencies = (
			);
			name = ActofitApp;
			productName = ActofitApp;
			productReference = 18F6670F27D9CE10006A0562 /* ActofitApp.app */;
			productType = "com.apple.product-type.application";
		};
/* End PBXNativeTarget section */

/* Begin PBXProject section */
		18F6670727D9CE10006A0562 /* Project object */ = {
			isa = PBXProject;
			attributes = {
				BuildIndependentTargetsInParallel = 1;
				LastSwiftUpdateCheck = 1320;
				LastUpgradeCheck = 1320;
				TargetAttributes = {
					18F6670E27D9CE10006A0562 = {
						CreatedOnToolsVersion = 13.2.1;
					};
				};
			};
			buildConfigurationList = 18F6670A27D9CE10006A0562 /* Build configuration list for PBXProject "ActofitApp" */;
			compatibilityVersion = "Xcode 13.0";
			developmentRegion = en;
			hasScannedForEncodings = 0;
			knownRegions = (
				en,
				Base,
			);
			mainGroup = 18F6670627D9CE10006A0562;
			productRefGroup = 18F6671027D9CE10006A0562 /* Products */;
			projectDirPath = "";
			projectRoot = "";
			targets = (
				18F6670E27D9CE10006A0562 /* ActofitApp */,
			);
		};
/* End PBXProject section */

/* Begin PBXResourcesBuildPhase section */
		18F6670D27D9CE10006A0562 /* Resources */ = {
			isa = PBXResourcesBuildPhase;
			buildActionMask = 2147483647;
			files = (
				18F6671F27D9CE12006A0562 /* LaunchScreen.storyboard in Resources */,
				18F6677227DB155C006A0562 /* LocationData.txt in Resources */,
				18F6671C27D9CE12006A0562 /* Assets.xcassets in Resources */,
				18F6671A27D9CE10006A0562 /* Main.storyboard in Resources */,
			);
			runOnlyForDeploymentPostprocessing = 0;
		};
/* End PBXResourcesBuildPhase section */

/* Begin PBXSourcesBuildPhase section */
		18F6670B27D9CE10006A0562 /* Sources */ = {
			isa = PBXSourcesBuildPhase;
			buildActionMask = 2147483647;
			files = (
				18F6672927D9D2E3006A0562 /* Extension.swift in Sources */,
				18F6671727D9CE10006A0562 /* ViewController.swift in Sources */,
				18F6671327D9CE10006A0562 /* AppDelegate.swift in Sources */,
				18F6671527D9CE10006A0562 /* SceneDelegate.swift in Sources */,
				18F6672B27D9D9CF006A0562 /* UserDefaultsKeys.swift in Sources */,
				18F6672727D9CF1B006A0562 /* LocationViewController.swift in Sources */,
			);
			runOnlyForDeploymentPostprocessing = 0;
		};
/* End PBXSourcesBuildPhase section */

/* Begin PBXVariantGroup section */
		18F6671827D9CE10006A0562 /* Main.storyboard */ = {
			isa = PBXVariantGroup;
			children = (
				18F6671927D9CE10006A0562 /* Base */,
			);
			name = Main.storyboard;
			sourceTree = "<group>";
		};
		18F6671D27D9CE12006A0562 /* LaunchScreen.storyboard */ = {
			isa = PBXVariantGroup;
			children = (
				18F6671E27D9CE12006A0562 /* Base */,
			);
			name = LaunchScreen.storyboard;
			sourceTree = "<group>";
		};
/* End PBXVariantGroup section */

/* Begin XCBuildConfiguration section */
		18F6672127D9CE12006A0562 /* Debug */ = {
			isa = XCBuildConfiguration;
			buildSettings = {
				ALWAYS_SEARCH_USER_PATHS = NO;
				CLANG_ANALYZER_NONNULL = YES;
				CLANG_ANALYZER_NUMBER_OBJECT_CONVERSION = YES_AGGRESSIVE;
				CLANG_CXX_LANGUAGE_STANDARD = "gnu++17";
				CLANG_CXX_LIBRARY = "libc++";
				CLANG_ENABLE_MODULES = YES;
				CLANG_ENABLE_OBJC_ARC = YES;
				CLANG_ENABLE_OBJC_WEAK = YES;
				CLANG_WARN_BLOCK_CAPTURE_AUTORELEASING = YES;
				CLANG_WARN_BOOL_CONVERSION = YES;
				CLANG_WARN_COMMA = YES;
				CLANG_WARN_CONSTANT_CONVERSION = YES;
				CLANG_WARN_DEPRECATED_OBJC_IMPLEMENTATIONS = YES;
				CLANG_WARN_DIRECT_OBJC_ISA_USAGE = YES_ERROR;
				CLANG_WARN_DOCUMENTATION_COMMENTS = YES;
				CLANG_WARN_EMPTY_BODY = YES;
				CLANG_WARN_ENUM_CONVERSION = YES;
				CLANG_WARN_INFINITE_RECURSION = YES;
				CLANG_WARN_INT_CONVERSION = YES;
				CLANG_WARN_NON_LITERAL_NULL_CONVERSION = YES;
				CLANG_WARN_OBJC_IMPLICIT_RETAIN_SELF = YES;
				CLANG_WARN_OBJC_LITERAL_CONVERSION = YES;
				CLANG_WARN_OBJC_ROOT_CLASS = YES_ERROR;
				CLANG_WARN_QUOTED_INCLUDE_IN_FRAMEWORK_HEADER = YES;
				CLANG_WARN_RANGE_LOOP_ANALYSIS = YES;
				CLANG_WARN_STRICT_PROTOTYPES = YES;
				CLANG_WARN_SUSPICIOUS_MOVE = YES;
				CLANG_WARN_UNGUARDED_AVAILABILITY = YES_AGGRESSIVE;
				CLANG_WARN_UNREACHABLE_CODE = YES;
				CLANG_WARN__DUPLICATE_METHOD_MATCH = YES;
				COPY_PHASE_STRIP = NO;
				DEBUG_INFORMATION_FORMAT = dwarf;
				ENABLE_STRICT_OBJC_MSGSEND = YES;
				ENABLE_TESTABILITY = YES;
				GCC_C_LANGUAGE_STANDARD = gnu11;
				GCC_DYNAMIC_NO_PIC = NO;
				GCC_NO_COMMON_BLOCKS = YES;
				GCC_OPTIMIZATION_LEVEL = 0;
				GCC_PREPROCESSOR_DEFINITIONS = (
					"DEBUG=1",
					"$(inherited)",
				);
				GCC_WARN_64_TO_32_BIT_CONVERSION = YES;
				GCC_WARN_ABOUT_RETURN_TYPE = YES_ERROR;
				GCC_WARN_UNDECLARED_SELECTOR = YES;
				GCC_WARN_UNINITIALIZED_AUTOS = YES_AGGRESSIVE;
				GCC_WARN_UNUSED_FUNCTION = YES;
				GCC_WARN_UNUSED_VARIABLE = YES;
				IPHONEOS_DEPLOYMENT_TARGET = 15.2;
				MTL_ENABLE_DEBUG_INFO = INCLUDE_SOURCE;
				MTL_FAST_MATH = YES;
				ONLY_ACTIVE_ARCH = YES;
				SDKROOT = iphoneos;
				SWIFT_ACTIVE_COMPILATION_CONDITIONS = DEBUG;
				SWIFT_OPTIMIZATION_LEVEL = "-Onone";
			};
			name = Debug;
		};
		18F6672227D9CE12006A0562 /* Release */ = {
			isa = XCBuildConfiguration;
			buildSettings = {
				ALWAYS_SEARCH_USER_PATHS = NO;
				CLANG_ANALYZER_NONNULL = YES;
				CLANG_ANALYZER_NUMBER_OBJECT_CONVERSION = YES_AGGRESSIVE;
				CLANG_CXX_LANGUAGE_STANDARD = "gnu++17";
				CLANG_CXX_LIBRARY = "libc++";
				CLANG_ENABLE_MODULES = YES;
				CLANG_ENABLE_OBJC_ARC = YES;
				CLANG_ENABLE_OBJC_WEAK = YES;
				CLANG_WARN_BLOCK_CAPTURE_AUTORELEASING = YES;
				CLANG_WARN_BOOL_CONVERSION = YES;
				CLANG_WARN_COMMA = YES;
				CLANG_WARN_CONSTANT_CONVERSION = YES;
				CLANG_WARN_DEPRECATED_OBJC_IMPLEMENTATIONS = YES;
				CLANG_WARN_DIRECT_OBJC_ISA_USAGE = YES_ERROR;
				CLANG_WARN_DOCUMENTATION_COMMENTS = YES;
				CLANG_WARN_EMPTY_BODY = YES;
				CLANG_WARN_ENUM_CONVERSION = YES;
				CLANG_WARN_INFINITE_RECURSION = YES;
				CLANG_WARN_INT_CONVERSION = YES;
				CLANG_WARN_NON_LITERAL_NULL_CONVERSION = YES;
				CLANG_WARN_OBJC_IMPLICIT_RETAIN_SELF = YES;
				CLANG_WARN_OBJC_LITERAL_CONVERSION = YES;
				CLANG_WARN_OBJC_ROOT_CLASS = YES_ERROR;
				CLANG_WARN_QUOTED_INCLUDE_IN_FRAMEWORK_HEADER = YES;
				CLANG_WARN_RANGE_LOOP_ANALYSIS = YES;
				CLANG_WARN_STRICT_PROTOTYPES = YES;
				CLANG_WARN_SUSPICIOUS_MOVE = YES;
				CLANG_WARN_UNGUARDED_AVAILABILITY = YES_AGGRESSIVE;
				CLANG_WARN_UNREACHABLE_CODE = YES;
				CLANG_WARN__DUPLICATE_METHOD_MATCH = YES;
				COPY_PHASE_STRIP = NO;
				DEBUG_INFORMATION_FORMAT = "dwarf-with-dsym";
				ENABLE_NS_ASSERTIONS = NO;
				ENABLE_STRICT_OBJC_MSGSEND = YES;
				GCC_C_LANGUAGE_STANDARD = gnu11;
				GCC_NO_COMMON_BLOCKS = YES;
				GCC_WARN_64_TO_32_BIT_CONVERSION = YES;
				GCC_WARN_ABOUT_RETURN_TYPE = YES_ERROR;
				GCC_WARN_UNDECLARED_SELECTOR = YES;
				GCC_WARN_UNINITIALIZED_AUTOS = YES_AGGRESSIVE;
				GCC_WARN_UNUSED_FUNCTION = YES;
				GCC_WARN_UNUSED_VARIABLE = YES;
				IPHONEOS_DEPLOYMENT_TARGET = 15.2;
				MTL_ENABLE_DEBUG_INFO = NO;
				MTL_FAST_MATH = YES;
				SDKROOT = iphoneos;
				SWIFT_COMPILATION_MODE = wholemodule;
				SWIFT_OPTIMIZATION_LEVEL = "-O";
				VALIDATE_PRODUCT = YES;
			};
			name = Release;
		};
		18F6672427D9CE12006A0562 /* Debug */ = {
			isa = XCBuildConfiguration;
			buildSettings = {
				ASSETCATALOG_COMPILER_APPICON_NAME = AppIcon;
				ASSETCATALOG_COMPILER_GLOBAL_ACCENT_COLOR_NAME = AccentColor;
				CODE_SIGN_IDENTITY = "Apple Development";
				CODE_SIGN_STYLE = Automatic;
				CURRENT_PROJECT_VERSION = 1;
				DEVELOPMENT_TEAM = NL6KUSCCS8;
				GENERATE_INFOPLIST_FILE = YES;
				INFOPLIST_FILE = ActofitApp/Info.plist;
				INFOPLIST_KEY_NSLocationAlwaysAndWhenInUseUsageDescription = "Actofit wants to use your location";
				INFOPLIST_KEY_NSLocationAlwaysUsageDescription = "Actofit wants to use your location";
				INFOPLIST_KEY_NSLocationWhenInUseUsageDescription = "Actofit wants to use your location";
				INFOPLIST_KEY_UIApplicationSupportsIndirectInputEvents = YES;
				INFOPLIST_KEY_UILaunchStoryboardName = LaunchScreen;
				INFOPLIST_KEY_UIMainStoryboardFile = Main;
				INFOPLIST_KEY_UISupportedInterfaceOrientations_iPad = "UIInterfaceOrientationPortrait UIInterfaceOrientationPortraitUpsideDown UIInterfaceOrientationLandscapeLeft UIInterfaceOrientationLandscapeRight";
				INFOPLIST_KEY_UISupportedInterfaceOrientations_iPhone = "UIInterfaceOrientationPortrait UIInterfaceOrientationLandscapeLeft UIInterfaceOrientationLandscapeRight";
				LD_RUNPATH_SEARCH_PATHS = (
					"$(inherited)",
					"@executable_path/Frameworks",
				);
				MARKETING_VERSION = 1.0;
				PRODUCT_BUNDLE_IDENTIFIER = sainathbamen.ActofitApp;
				PRODUCT_NAME = "$(TARGET_NAME)";
				PROVISIONING_PROFILE_SPECIFIER = "";
				SWIFT_EMIT_LOC_STRINGS = YES;
				SWIFT_VERSION = 5.0;
				TARGETED_DEVICE_FAMILY = "1,2";
			};
			name = Debug;
		};
		18F6672527D9CE12006A0562 /* Release */ = {
			isa = XCBuildConfiguration;
			buildSettings = {
				ASSETCATALOG_COMPILER_APPICON_NAME = AppIcon;
				ASSETCATALOG_COMPILER_GLOBAL_ACCENT_COLOR_NAME = AccentColor;
				CODE_SIGN_IDENTITY = "Apple Development";
				CODE_SIGN_STYLE = Automatic;
				CURRENT_PROJECT_VERSION = 1;
				DEVELOPMENT_TEAM = NL6KUSCCS8;
				GENERATE_INFOPLIST_FILE = YES;
				INFOPLIST_FILE = ActofitApp/Info.plist;
				INFOPLIST_KEY_NSLocationAlwaysAndWhenInUseUsageDescription = "Actofit wants to use your location";
				INFOPLIST_KEY_NSLocationAlwaysUsageDescription = "Actofit wants to use your location";
				INFOPLIST_KEY_NSLocationWhenInUseUsageDescription = "Actofit wants to use your location";
				INFOPLIST_KEY_UIApplicationSupportsIndirectInputEvents = YES;
				INFOPLIST_KEY_UILaunchStoryboardName = LaunchScreen;
				INFOPLIST_KEY_UIMainStoryboardFile = Main;
				INFOPLIST_KEY_UISupportedInterfaceOrientations_iPad = "UIInterfaceOrientationPortrait UIInterfaceOrientationPortraitUpsideDown UIInterfaceOrientationLandscapeLeft UIInterfaceOrientationLandscapeRight";
				INFOPLIST_KEY_UISupportedInterfaceOrientations_iPhone = "UIInterfaceOrientationPortrait UIInterfaceOrientationLandscapeLeft UIInterfaceOrientationLandscapeRight";
				LD_RUNPATH_SEARCH_PATHS = (
					"$(inherited)",
					"@executable_path/Frameworks",
				);
				MARKETING_VERSION = 1.0;
				PRODUCT_BUNDLE_IDENTIFIER = sainathbamen.ActofitApp;
				PRODUCT_NAME = "$(TARGET_NAME)";
				PROVISIONING_PROFILE_SPECIFIER = "";
				SWIFT_EMIT_LOC_STRINGS = YES;
				SWIFT_VERSION = 5.0;
				TARGETED_DEVICE_FAMILY = "1,2";
			};
			name = Release;
		};
/* End XCBuildConfiguration section */

/* Begin XCConfigurationList section */
		18F6670A27D9CE10006A0562 /* Build configuration list for PBXProject "ActofitApp" */ = {
			isa = XCConfigurationList;
			buildConfigurations = (
				18F6672127D9CE12006A0562 /* Debug */,
				18F6672227D9CE12006A0562 /* Release */,
			);
			defaultConfigurationIsVisible = 0;
			defaultConfigurationName = Release;
		};
		18F6672327D9CE12006A0562 /* Build configuration list for PBXNativeTarget "ActofitApp" */ = {
			isa = XCConfigurationList;
			buildConfigurations = (
				18F6672427D9CE12006A0562 /* Debug */,
				18F6672527D9CE12006A0562 /* Release */,
			);
			defaultConfigurationIsVisible = 0;
			defaultConfigurationName = Release;
		};
/* End XCConfigurationList section */
	};
	rootObject = 18F6670727D9CE10006A0562 /* Project object */;
}
